
Microsoft Visual Studio Solution File, Format Version 12.00
# Visual Studio 15
VisualStudioVersion = 15.0.26124.0
MinimumVisualStudioVersion = 15.0.26124.0
Project("{FAE04EC0-301F-11D3-BF4B-00C04F79EFBC}") = "Logic", "Logic\Logic.csproj", "{FEA4D152-B9E5-4B42-AF4A-05D9DF9CDE65}"
EndProject
Project("{FAE04EC0-301F-11D3-BF4B-00C04F79EFBC}") = "View", "View\View.csproj", "{859B01C7-EC6F-4247-9D0A-1287A364149B}"
EndProject
Global
	GlobalSection(SolutionConfigurationPlatforms) = preSolution
		Debug|Any CPU = Debug|Any CPU
		Debug|x64 = Debug|x64
		Debug|x86 = Debug|x86
		Release|Any CPU = Release|Any CPU
		Release|x64 = Release|x64
		Release|x86 = Release|x86
	EndGlobalSection
	GlobalSection(SolutionProperties) = preSolution
		HideSolutionNode = FALSE
	EndGlobalSection
	GlobalSection(ProjectConfigurationPlatforms) = postSolution
		{FEA4D152-B9E5-4B42-AF4A-05D9DF9CDE65}.Debug|Any CPU.ActiveCfg = Debug|Any CPU
		{FEA4D152-B9E5-4B42-AF4A-05D9DF9CDE65}.Debug|Any CPU.Build.0 = Debug|Any CPU
		{FEA4D152-B9E5-4B42-AF4A-05D9DF9CDE65}.Debug|x64.ActiveCfg = Debug|Any CPU
		{FEA4D152-B9E5-4B42-AF4A-05D9DF9CDE65}.Debug|x64.Build.0 = Debug|Any CPU
		{FEA4D152-B9E5-4B42-AF4A-05D9DF9CDE65}.Debug|x86.ActiveCfg = Debug|Any CPU
		{FEA4D152-B9E5-4B42-AF4A-05D9DF9CDE65}.Debug|x86.Build.0 = Debug|Any CPU
		{FEA4D152-B9E5-4B42-AF4A-05D9DF9CDE65}.Release|Any CPU.ActiveCfg = Release|Any CPU
		{FEA4D152-B9E5-4B42-AF4A-05D9DF9CDE65}.Release|Any CPU.Build.0 = Release|Any CPU
		{FEA4D152-B9E5-4B42-AF4A-05D9DF9CDE65}.Release|x64.ActiveCfg = Release|Any CPU
		{FEA4D152-B9E5-4B42-AF4A-05D9DF9CDE65}.Release|x64.Build.0 = Release|Any CPU
		{FEA4D152-B9E5-4B42-AF4A-05D9DF9CDE65}.Release|x86.ActiveCfg = Release|Any CPU
		{FEA4D152-B9E5-4B42-AF4A-05D9DF9CDE65}.Release|x86.Build.0 = Release|Any CPU
		{859B01C7-EC6F-4247-9D0A-1287A364149B}.Debug|Any CPU.ActiveCfg = Debug|Any CPU
		{859B01C7-EC6F-4247-9D0A-1287A364149B}.Debug|Any CPU.Build.0 = Debug|Any CPU
		{859B01C7-EC6F-4247-9D0A-1287A364149B}.Debug|x64.ActiveCfg = Debug|Any CPU
		{859B01C7-EC6F-4247-9D0A-1287A364149B}.Debug|x64.Build.0 = Debug|Any CPU
		{859B01C7-EC6F-4247-9D0A-1287A364149B}.Debug|x86.ActiveCfg = Debug|Any CPU
		{859B01C7-EC6F-4247-9D0A-1287A364149B}.Debug|x86.Build.0 = Debug|Any CPU
		{859B01C7-EC6F-4247-9D0A-1287A364149B}.Release|Any CPU.ActiveCfg = Release|Any CPU
		{859B01C7-EC6F-4247-9D0A-1287A364149B}.Release|Any CPU.Build.0 = Release|Any CPU
		{859B01C7-EC6F-4247-9D0A-1287A364149B}.Release|x64.ActiveCfg = Release|Any CPU
		{859B01C7-EC6F-4247-9D0A-1287A364149B}.Release|x64.Build.0 = Release|Any CPU
		{859B01C7-EC6F-4247-9D0A-1287A364149B}.Release|x86.ActiveCfg = Release|Any CPU
		{859B01C7-EC6F-4247-9D0A-1287A364149B}.Release|x86.Build.0 = Release|Any CPU
	EndGlobalSection
EndGlobal
