
Microsoft Visual Studio Solution File, Format Version 12.00
# Visual Studio Version 16
VisualStudioVersion = 16.0.29503.13
MinimumVisualStudioVersion = 10.0.40219.1
Project("{FAE04EC0-301F-11D3-BF4B-00C04F79EFBC}") = "View", "View\View.csproj", "{C81EC485-BAB9-4EF2-B35B-E5386853898F}"
EndProject
Project("{FAE04EC0-301F-11D3-BF4B-00C04F79EFBC}") = "Model", "Model\Model.csproj", "{3F0BF0B5-4B6F-42CB-98EF-153F28814A54}"
EndProject
Project("{FAE04EC0-301F-11D3-BF4B-00C04F79EFBC}") = "ViewModel", "ViewModel\ViewModel.csproj", "{B0966D57-BDB0-4000-9306-DD0C3A06D975}"
EndProject
Global
	GlobalSection(SolutionConfigurationPlatforms) = preSolution
		Debug|Any CPU = Debug|Any CPU
		Release|Any CPU = Release|Any CPU
	EndGlobalSection
	GlobalSection(ProjectConfigurationPlatforms) = postSolution
		{C81EC485-BAB9-4EF2-B35B-E5386853898F}.Debug|Any CPU.ActiveCfg = Debug|Any CPU
		{C81EC485-BAB9-4EF2-B35B-E5386853898F}.Debug|Any CPU.Build.0 = Debug|Any CPU
		{C81EC485-BAB9-4EF2-B35B-E5386853898F}.Release|Any CPU.ActiveCfg = Release|Any CPU
		{C81EC485-BAB9-4EF2-B35B-E5386853898F}.Release|Any CPU.Build.0 = Release|Any CPU
		{3F0BF0B5-4B6F-42CB-98EF-153F28814A54}.Debug|Any CPU.ActiveCfg = Debug|Any CPU
		{3F0BF0B5-4B6F-42CB-98EF-153F28814A54}.Debug|Any CPU.Build.0 = Debug|Any CPU
		{3F0BF0B5-4B6F-42CB-98EF-153F28814A54}.Release|Any CPU.ActiveCfg = Release|Any CPU
		{3F0BF0B5-4B6F-42CB-98EF-153F28814A54}.Release|Any CPU.Build.0 = Release|Any CPU
		{B0966D57-BDB0-4000-9306-DD0C3A06D975}.Debug|Any CPU.ActiveCfg = Debug|Any CPU
		{B0966D57-BDB0-4000-9306-DD0C3A06D975}.Debug|Any CPU.Build.0 = Debug|Any CPU
		{B0966D57-BDB0-4000-9306-DD0C3A06D975}.Release|Any CPU.ActiveCfg = Release|Any CPU
		{B0966D57-BDB0-4000-9306-DD0C3A06D975}.Release|Any CPU.Build.0 = Release|Any CPU
	EndGlobalSection
	GlobalSection(SolutionProperties) = preSolution
		HideSolutionNode = FALSE
	EndGlobalSection
	GlobalSection(ExtensibilityGlobals) = postSolution
		SolutionGuid = {1FB45C9F-9172-431D-8452-3F77A46F6063}
	EndGlobalSection
EndGlobal
